
Microsoft Visual Studio Solution File, Format Version 12.00
# Visual Studio Version 16
VisualStudioVersion = 16.0.30114.105
MinimumVisualStudioVersion = 10.0.40219.1
Project("{FAE04EC0-301F-11D3-BF4B-00C04F79EFBC}") = "R5T.D0007", "R5T.D0007\R5T.D0007.csproj", "{E2C0135A-D946-48DF-A30F-98E220197B46}"
EndProject
Project("{FAE04EC0-301F-11D3-BF4B-00C04F79EFBC}") = "R5T.D0007.Base", "R5T.D0007.Base\R5T.D0007.Base.csproj", "{BF8D65BE-D97E-4676-87CB-E888DC09A785}"
EndProject
Project("{FAE04EC0-301F-11D3-BF4B-00C04F79EFBC}") = "R5T.D0007.Construction", "R5T.D0007.Construction\R5T.D0007.Construction.csproj", "{16CE0142-62AF-4F22-B463-F307624A3893}"
EndProject
Project("{FAE04EC0-301F-11D3-BF4B-00C04F79EFBC}") = "R5T.D0007.D0005", "R5T.D0007.D0005\R5T.D0007.D0005.csproj", "{FF3FEB56-9151-46B1-8065-5738E99BFD3D}"
EndProject
Project("{FAE04EC0-301F-11D3-BF4B-00C04F79EFBC}") = "R5T.D0007.Standard", "R5T.D0007.Standard\R5T.D0007.Standard.csproj", "{A502778D-6D09-4218-BDAA-934F56EDEE3E}"
EndProject
Global
	GlobalSection(SolutionConfigurationPlatforms) = preSolution
		Debug|Any CPU = Debug|Any CPU
		Debug|x64 = Debug|x64
		Debug|x86 = Debug|x86
		Release|Any CPU = Release|Any CPU
		Release|x64 = Release|x64
		Release|x86 = Release|x86
	EndGlobalSection
	GlobalSection(SolutionProperties) = preSolution
		HideSolutionNode = FALSE
	EndGlobalSection
	GlobalSection(ProjectConfigurationPlatforms) = postSolution
		{E2C0135A-D946-48DF-A30F-98E220197B46}.Debug|Any CPU.ActiveCfg = Debug|Any CPU
		{E2C0135A-D946-48DF-A30F-98E220197B46}.Debug|Any CPU.Build.0 = Debug|Any CPU
		{E2C0135A-D946-48DF-A30F-98E220197B46}.Debug|x64.ActiveCfg = Debug|Any CPU
		{E2C0135A-D946-48DF-A30F-98E220197B46}.Debug|x64.Build.0 = Debug|Any CPU
		{E2C0135A-D946-48DF-A30F-98E220197B46}.Debug|x86.ActiveCfg = Debug|Any CPU
		{E2C0135A-D946-48DF-A30F-98E220197B46}.Debug|x86.Build.0 = Debug|Any CPU
		{E2C0135A-D946-48DF-A30F-98E220197B46}.Release|Any CPU.ActiveCfg = Release|Any CPU
		{E2C0135A-D946-48DF-A30F-98E220197B46}.Release|Any CPU.Build.0 = Release|Any CPU
		{E2C0135A-D946-48DF-A30F-98E220197B46}.Release|x64.ActiveCfg = Release|Any CPU
		{E2C0135A-D946-48DF-A30F-98E220197B46}.Release|x64.Build.0 = Release|Any CPU
		{E2C0135A-D946-48DF-A30F-98E220197B46}.Release|x86.ActiveCfg = Release|Any CPU
		{E2C0135A-D946-48DF-A30F-98E220197B46}.Release|x86.Build.0 = Release|Any CPU
		{BF8D65BE-D97E-4676-87CB-E888DC09A785}.Debug|Any CPU.ActiveCfg = Debug|Any CPU
		{BF8D65BE-D97E-4676-87CB-E888DC09A785}.Debug|Any CPU.Build.0 = Debug|Any CPU
		{BF8D65BE-D97E-4676-87CB-E888DC09A785}.Debug|x64.ActiveCfg = Debug|Any CPU
		{BF8D65BE-D97E-4676-87CB-E888DC09A785}.Debug|x64.Build.0 = Debug|Any CPU
		{BF8D65BE-D97E-4676-87CB-E888DC09A785}.Debug|x86.ActiveCfg = Debug|Any CPU
		{BF8D65BE-D97E-4676-87CB-E888DC09A785}.Debug|x86.Build.0 = Debug|Any CPU
		{BF8D65BE-D97E-4676-87CB-E888DC09A785}.Release|Any CPU.ActiveCfg = Release|Any CPU
		{BF8D65BE-D97E-4676-87CB-E888DC09A785}.Release|Any CPU.Build.0 = Release|Any CPU
		{BF8D65BE-D97E-4676-87CB-E888DC09A785}.Release|x64.ActiveCfg = Release|Any CPU
		{BF8D65BE-D97E-4676-87CB-E888DC09A785}.Release|x64.Build.0 = Release|Any CPU
		{BF8D65BE-D97E-4676-87CB-E888DC09A785}.Release|x86.ActiveCfg = Release|Any CPU
		{BF8D65BE-D97E-4676-87CB-E888DC09A785}.Release|x86.Build.0 = Release|Any CPU
		{16CE0142-62AF-4F22-B463-F307624A3893}.Debug|Any CPU.ActiveCfg = Debug|Any CPU
		{16CE0142-62AF-4F22-B463-F307624A3893}.Debug|Any CPU.Build.0 = Debug|Any CPU
		{16CE0142-62AF-4F22-B463-F307624A3893}.Debug|x64.ActiveCfg = Debug|Any CPU
		{16CE0142-62AF-4F22-B463-F307624A3893}.Debug|x64.Build.0 = Debug|Any CPU
		{16CE0142-62AF-4F22-B463-F307624A3893}.Debug|x86.ActiveCfg = Debug|Any CPU
		{16CE0142-62AF-4F22-B463-F307624A3893}.Debug|x86.Build.0 = Debug|Any CPU
		{16CE0142-62AF-4F22-B463-F307624A3893}.Release|Any CPU.ActiveCfg = Release|Any CPU
		{16CE0142-62AF-4F22-B463-F307624A3893}.Release|Any CPU.Build.0 = Release|Any CPU
		{16CE0142-62AF-4F22-B463-F307624A3893}.Release|x64.ActiveCfg = Release|Any CPU
		{16CE0142-62AF-4F22-B463-F307624A3893}.Release|x64.Build.0 = Release|Any CPU
		{16CE0142-62AF-4F22-B463-F307624A3893}.Release|x86.ActiveCfg = Release|Any CPU
		{16CE0142-62AF-4F22-B463-F307624A3893}.Release|x86.Build.0 = Release|Any CPU
		{FF3FEB56-9151-46B1-8065-5738E99BFD3D}.Debug|Any CPU.ActiveCfg = Debug|Any CPU
		{FF3FEB56-9151-46B1-8065-5738E99BFD3D}.Debug|Any CPU.Build.0 = Debug|Any CPU
		{FF3FEB56-9151-46B1-8065-5738E99BFD3D}.Debug|x64.ActiveCfg = Debug|Any CPU
		{FF3FEB56-9151-46B1-8065-5738E99BFD3D}.Debug|x64.Build.0 = Debug|Any CPU
		{FF3FEB56-9151-46B1-8065-5738E99BFD3D}.Debug|x86.ActiveCfg = Debug|Any CPU
		{FF3FEB56-9151-46B1-8065-5738E99BFD3D}.Debug|x86.Build.0 = Debug|Any CPU
		{FF3FEB56-9151-46B1-8065-5738E99BFD3D}.Release|Any CPU.ActiveCfg = Release|Any CPU
		{FF3FEB56-9151-46B1-8065-5738E99BFD3D}.Release|Any CPU.Build.0 = Release|Any CPU
		{FF3FEB56-9151-46B1-8065-5738E99BFD3D}.Release|x64.ActiveCfg = Release|Any CPU
		{FF3FEB56-9151-46B1-8065-5738E99BFD3D}.Release|x64.Build.0 = Release|Any CPU
		{FF3FEB56-9151-46B1-8065-5738E99BFD3D}.Release|x86.ActiveCfg = Release|Any CPU
		{FF3FEB56-9151-46B1-8065-5738E99BFD3D}.Release|x86.Build.0 = Release|Any CPU
		{A502778D-6D09-4218-BDAA-934F56EDEE3E}.Debug|Any CPU.ActiveCfg = Debug|Any CPU
		{A502778D-6D09-4218-BDAA-934F56EDEE3E}.Debug|Any CPU.Build.0 = Debug|Any CPU
		{A502778D-6D09-4218-BDAA-934F56EDEE3E}.Debug|x64.ActiveCfg = Debug|Any CPU
		{A502778D-6D09-4218-BDAA-934F56EDEE3E}.Debug|x64.Build.0 = Debug|Any CPU
		{A502778D-6D09-4218-BDAA-934F56EDEE3E}.Debug|x86.ActiveCfg = Debug|Any CPU
		{A502778D-6D09-4218-BDAA-934F56EDEE3E}.Debug|x86.Build.0 = Debug|Any CPU
		{A502778D-6D09-4218-BDAA-934F56EDEE3E}.Release|Any CPU.ActiveCfg = Release|Any CPU
		{A502778D-6D09-4218-BDAA-934F56EDEE3E}.Release|Any CPU.Build.0 = Release|Any CPU
		{A502778D-6D09-4218-BDAA-934F56EDEE3E}.Release|x64.ActiveCfg = Release|Any CPU
		{A502778D-6D09-4218-BDAA-934F56EDEE3E}.Release|x64.Build.0 = Release|Any CPU
		{A502778D-6D09-4218-BDAA-934F56EDEE3E}.Release|x86.ActiveCfg = Release|Any CPU
		{A502778D-6D09-4218-BDAA-934F56EDEE3E}.Release|x86.Build.0 = Release|Any CPU
	EndGlobalSection
EndGlobal
