
Microsoft Visual Studio Solution File, Format Version 12.00
# Visual Studio 15
VisualStudioVersion = 15.0.26124.0
MinimumVisualStudioVersion = 15.0.26124.0
Project("{9A19103F-16F7-4668-BE54-9A1E7A4F7556}") = "R5T.D0007.Construction", "R5T.D0007.Construction\R5T.D0007.Construction.csproj", "{42BE7714-1959-45EB-93B7-BD3EFB0E6AC9}"
EndProject
Project("{9A19103F-16F7-4668-BE54-9A1E7A4F7556}") = "R5T.D0007", "R5T.D0007\R5T.D0007.csproj", "{605BF9D2-469B-4DAB-872A-031F60ED022E}"
EndProject
Project("{FAE04EC0-301F-11D3-BF4B-00C04F79EFBC}") = "R5T.D0007.Base", "R5T.D0007.Base\R5T.D0007.Base.csproj", "{2911A67F-6F17-40CE-BF02-6B7734643084}"
EndProject
Project("{2150E333-8FDC-42A3-9474-1A3956D46DE8}") = "_Dependencies", "_Dependencies", "{D77D1ABB-324D-4CD7-96BA-93FBEFF2820F}"
EndProject
Project("{9A19103F-16F7-4668-BE54-9A1E7A4F7556}") = "R5T.Dacia.Extensions", "..\..\R5T.Dacia.Extensions\source\R5T.Dacia.Extensions\R5T.Dacia.Extensions.csproj", "{452B8E22-29D3-4C20-A0F9-A86896D759A6}"
EndProject
Project("{9A19103F-16F7-4668-BE54-9A1E7A4F7556}") = "R5T.Dacia", "..\..\R5T.Dacia\source\R5T.Dacia\R5T.Dacia.csproj", "{AEA7D216-04B0-4C0F-B043-A5DDA8AF1B11}"
EndProject
Global
	GlobalSection(SolutionConfigurationPlatforms) = preSolution
		Debug|Any CPU = Debug|Any CPU
		Debug|x64 = Debug|x64
		Debug|x86 = Debug|x86
		Release|Any CPU = Release|Any CPU
		Release|x64 = Release|x64
		Release|x86 = Release|x86
	EndGlobalSection
	GlobalSection(ProjectConfigurationPlatforms) = postSolution
		{42BE7714-1959-45EB-93B7-BD3EFB0E6AC9}.Debug|Any CPU.ActiveCfg = Debug|Any CPU
		{42BE7714-1959-45EB-93B7-BD3EFB0E6AC9}.Debug|Any CPU.Build.0 = Debug|Any CPU
		{42BE7714-1959-45EB-93B7-BD3EFB0E6AC9}.Debug|x64.ActiveCfg = Debug|Any CPU
		{42BE7714-1959-45EB-93B7-BD3EFB0E6AC9}.Debug|x64.Build.0 = Debug|Any CPU
		{42BE7714-1959-45EB-93B7-BD3EFB0E6AC9}.Debug|x86.ActiveCfg = Debug|Any CPU
		{42BE7714-1959-45EB-93B7-BD3EFB0E6AC9}.Debug|x86.Build.0 = Debug|Any CPU
		{42BE7714-1959-45EB-93B7-BD3EFB0E6AC9}.Release|Any CPU.ActiveCfg = Release|Any CPU
		{42BE7714-1959-45EB-93B7-BD3EFB0E6AC9}.Release|Any CPU.Build.0 = Release|Any CPU
		{42BE7714-1959-45EB-93B7-BD3EFB0E6AC9}.Release|x64.ActiveCfg = Release|Any CPU
		{42BE7714-1959-45EB-93B7-BD3EFB0E6AC9}.Release|x64.Build.0 = Release|Any CPU
		{42BE7714-1959-45EB-93B7-BD3EFB0E6AC9}.Release|x86.ActiveCfg = Release|Any CPU
		{42BE7714-1959-45EB-93B7-BD3EFB0E6AC9}.Release|x86.Build.0 = Release|Any CPU
		{605BF9D2-469B-4DAB-872A-031F60ED022E}.Debug|Any CPU.ActiveCfg = Debug|Any CPU
		{605BF9D2-469B-4DAB-872A-031F60ED022E}.Debug|Any CPU.Build.0 = Debug|Any CPU
		{605BF9D2-469B-4DAB-872A-031F60ED022E}.Debug|x64.ActiveCfg = Debug|Any CPU
		{605BF9D2-469B-4DAB-872A-031F60ED022E}.Debug|x64.Build.0 = Debug|Any CPU
		{605BF9D2-469B-4DAB-872A-031F60ED022E}.Debug|x86.ActiveCfg = Debug|Any CPU
		{605BF9D2-469B-4DAB-872A-031F60ED022E}.Debug|x86.Build.0 = Debug|Any CPU
		{605BF9D2-469B-4DAB-872A-031F60ED022E}.Release|Any CPU.ActiveCfg = Release|Any CPU
		{605BF9D2-469B-4DAB-872A-031F60ED022E}.Release|Any CPU.Build.0 = Release|Any CPU
		{605BF9D2-469B-4DAB-872A-031F60ED022E}.Release|x64.ActiveCfg = Release|Any CPU
		{605BF9D2-469B-4DAB-872A-031F60ED022E}.Release|x64.Build.0 = Release|Any CPU
		{605BF9D2-469B-4DAB-872A-031F60ED022E}.Release|x86.ActiveCfg = Release|Any CPU
		{605BF9D2-469B-4DAB-872A-031F60ED022E}.Release|x86.Build.0 = Release|Any CPU
		{2911A67F-6F17-40CE-BF02-6B7734643084}.Debug|Any CPU.ActiveCfg = Debug|Any CPU
		{2911A67F-6F17-40CE-BF02-6B7734643084}.Debug|Any CPU.Build.0 = Debug|Any CPU
		{2911A67F-6F17-40CE-BF02-6B7734643084}.Debug|x64.ActiveCfg = Debug|Any CPU
		{2911A67F-6F17-40CE-BF02-6B7734643084}.Debug|x64.Build.0 = Debug|Any CPU
		{2911A67F-6F17-40CE-BF02-6B7734643084}.Debug|x86.ActiveCfg = Debug|Any CPU
		{2911A67F-6F17-40CE-BF02-6B7734643084}.Debug|x86.Build.0 = Debug|Any CPU
		{2911A67F-6F17-40CE-BF02-6B7734643084}.Release|Any CPU.ActiveCfg = Release|Any CPU
		{2911A67F-6F17-40CE-BF02-6B7734643084}.Release|Any CPU.Build.0 = Release|Any CPU
		{2911A67F-6F17-40CE-BF02-6B7734643084}.Release|x64.ActiveCfg = Release|Any CPU
		{2911A67F-6F17-40CE-BF02-6B7734643084}.Release|x64.Build.0 = Release|Any CPU
		{2911A67F-6F17-40CE-BF02-6B7734643084}.Release|x86.ActiveCfg = Release|Any CPU
		{2911A67F-6F17-40CE-BF02-6B7734643084}.Release|x86.Build.0 = Release|Any CPU
		{452B8E22-29D3-4C20-A0F9-A86896D759A6}.Debug|Any CPU.ActiveCfg = Debug|Any CPU
		{452B8E22-29D3-4C20-A0F9-A86896D759A6}.Debug|Any CPU.Build.0 = Debug|Any CPU
		{452B8E22-29D3-4C20-A0F9-A86896D759A6}.Debug|x64.ActiveCfg = Debug|Any CPU
		{452B8E22-29D3-4C20-A0F9-A86896D759A6}.Debug|x64.Build.0 = Debug|Any CPU
		{452B8E22-29D3-4C20-A0F9-A86896D759A6}.Debug|x86.ActiveCfg = Debug|Any CPU
		{452B8E22-29D3-4C20-A0F9-A86896D759A6}.Debug|x86.Build.0 = Debug|Any CPU
		{452B8E22-29D3-4C20-A0F9-A86896D759A6}.Release|Any CPU.ActiveCfg = Release|Any CPU
		{452B8E22-29D3-4C20-A0F9-A86896D759A6}.Release|Any CPU.Build.0 = Release|Any CPU
		{452B8E22-29D3-4C20-A0F9-A86896D759A6}.Release|x64.ActiveCfg = Release|Any CPU
		{452B8E22-29D3-4C20-A0F9-A86896D759A6}.Release|x64.Build.0 = Release|Any CPU
		{452B8E22-29D3-4C20-A0F9-A86896D759A6}.Release|x86.ActiveCfg = Release|Any CPU
		{452B8E22-29D3-4C20-A0F9-A86896D759A6}.Release|x86.Build.0 = Release|Any CPU
		{AEA7D216-04B0-4C0F-B043-A5DDA8AF1B11}.Debug|Any CPU.ActiveCfg = Debug|Any CPU
		{AEA7D216-04B0-4C0F-B043-A5DDA8AF1B11}.Debug|Any CPU.Build.0 = Debug|Any CPU
		{AEA7D216-04B0-4C0F-B043-A5DDA8AF1B11}.Debug|x64.ActiveCfg = Debug|Any CPU
		{AEA7D216-04B0-4C0F-B043-A5DDA8AF1B11}.Debug|x64.Build.0 = Debug|Any CPU
		{AEA7D216-04B0-4C0F-B043-A5DDA8AF1B11}.Debug|x86.ActiveCfg = Debug|Any CPU
		{AEA7D216-04B0-4C0F-B043-A5DDA8AF1B11}.Debug|x86.Build.0 = Debug|Any CPU
		{AEA7D216-04B0-4C0F-B043-A5DDA8AF1B11}.Release|Any CPU.ActiveCfg = Release|Any CPU
		{AEA7D216-04B0-4C0F-B043-A5DDA8AF1B11}.Release|Any CPU.Build.0 = Release|Any CPU
		{AEA7D216-04B0-4C0F-B043-A5DDA8AF1B11}.Release|x64.ActiveCfg = Release|Any CPU
		{AEA7D216-04B0-4C0F-B043-A5DDA8AF1B11}.Release|x64.Build.0 = Release|Any CPU
		{AEA7D216-04B0-4C0F-B043-A5DDA8AF1B11}.Release|x86.ActiveCfg = Release|Any CPU
		{AEA7D216-04B0-4C0F-B043-A5DDA8AF1B11}.Release|x86.Build.0 = Release|Any CPU
	EndGlobalSection
	GlobalSection(SolutionProperties) = preSolution
		HideSolutionNode = FALSE
	EndGlobalSection
	GlobalSection(NestedProjects) = preSolution
		{452B8E22-29D3-4C20-A0F9-A86896D759A6} = {D77D1ABB-324D-4CD7-96BA-93FBEFF2820F}
		{AEA7D216-04B0-4C0F-B043-A5DDA8AF1B11} = {D77D1ABB-324D-4CD7-96BA-93FBEFF2820F}
	EndGlobalSection
	GlobalSection(ExtensibilityGlobals) = postSolution
		SolutionGuid = {DFD7757A-C053-4C4E-96BD-24BED20B1A49}
	EndGlobalSection
EndGlobal
